
Microsoft Visual Studio Solution File, Format Version 12.00
# Visual Studio 2012
Project("{8BC9CEB8-8B4A-11D0-8D11-00A0C91BC942}") = "js-ctype_connector", "js-ctype_connector.vcxproj", "{552F77CC-C23B-4FEA-BC99-701EDDD34F84}"
EndProject
Global
	GlobalSection(SolutionConfigurationPlatforms) = preSolution
		Debug|Win32 = Debug|Win32
		Release|Win32 = Release|Win32
	EndGlobalSection
	GlobalSection(ProjectConfigurationPlatforms) = postSolution
		{552F77CC-C23B-4FEA-BC99-701EDDD34F84}.Debug|Win32.ActiveCfg = Debug|Win32
		{552F77CC-C23B-4FEA-BC99-701EDDD34F84}.Debug|Win32.Build.0 = Debug|Win32
		{552F77CC-C23B-4FEA-BC99-701EDDD34F84}.Release|Win32.ActiveCfg = Release|Win32
		{552F77CC-C23B-4FEA-BC99-701EDDD34F84}.Release|Win32.Build.0 = Release|Win32
	EndGlobalSection
	GlobalSection(SolutionProperties) = preSolution
		HideSolutionNode = FALSE
	EndGlobalSection
EndGlobal
