
Microsoft Visual Studio Solution File, Format Version 11.00
# Visual Studio 2010
Project("{2150E333-8FDC-42A3-9474-1A3956D46DE8}") = "Fb2EpubSetup", "Fb2EpubSetup", "{FAC69113-CCEA-400B-B587-49F30C3ACB5D}"
EndProject
Project("{FAE04EC0-301F-11D3-BF4B-00C04F79EFBC}") = "Fb2ePub", "Fb2ePub\Fb2ePub.csproj", "{58F68096-2525-432E-A658-901B24A3C7C5}"
	ProjectSection(ProjectDependencies) = postProject
		{3E201D89-9F10-4CE0-B5A2-372B4ACFDAA2} = {3E201D89-9F10-4CE0-B5A2-372B4ACFDAA2}
	EndProjectSection
EndProject
Project("{FAE04EC0-301F-11D3-BF4B-00C04F79EFBC}") = "FB2EPubConverter", "FB2EPubConverter\FB2EPubConverter.csproj", "{738F2015-0DC7-4C38-BBF0-90FD5C3C2518}"
	ProjectSection(ProjectDependencies) = postProject
		{2868CFB2-562D-4C26-9471-F78F1D94CE0D} = {2868CFB2-562D-4C26-9471-F78F1D94CE0D}
	EndProjectSection
EndProject
Project("{8BC9CEB8-8B4A-11D0-8D11-00A0C91BC942}") = "Fb2EpubExt", "Fb2EpubExt\Fb2EpubExt.vcxproj", "{260632CD-33BF-4324-9119-C542E9A9B516}"
EndProject
Project("{FAE04EC0-301F-11D3-BF4B-00C04F79EFBC}") = "RegisterFB2EPub", "RegisterFB2EPub\RegisterFB2EPub.csproj", "{48473EBF-89D0-46BE-B7AE-D46E3B52415F}"
EndProject
Project("{FAE04EC0-301F-11D3-BF4B-00C04F79EFBC}") = "Fb2ePubGui", "Fb2ePubGui\Fb2ePubGui.csproj", "{5780FCC5-4CE5-417B-8A4C-E75FFCE4B9E4}"
EndProject
Project("{FAE04EC0-301F-11D3-BF4B-00C04F79EFBC}") = "XMLFixerLibrary", "XMLFixerLibrary\XMLFixerLibrary.csproj", "{AD23A99E-89FE-47C9-BD2C-25C416F327F3}"
EndProject
Project("{54435603-DBB4-11D2-8724-00A0C9A8B90C}") = "Fb2ePubSetup32", "Fb2ePubSetup\Fb2ePubSetup32.vdproj", "{FFC4C157-B416-49DB-BA20-7F2D8B8BB667}"
EndProject
Project("{54435603-DBB4-11D2-8724-00A0C9A8B90C}") = "Fb2ePubSetup64", "Fb2ePubSetup\Fb2ePubSetup64.vdproj", "{6E993A49-2782-498E-95DA-358D5BFEBFF3}"
EndProject
Project("{FAE04EC0-301F-11D3-BF4B-00C04F79EFBC}") = "Fb2epubSettings", "Fb2epubSettings\Fb2epubSettings.csproj", "{BB87C009-1337-43FF-ADF6-6E7861AA9343}"
	ProjectSection(ProjectDependencies) = postProject
		{3E201D89-9F10-4CE0-B5A2-372B4ACFDAA2} = {3E201D89-9F10-4CE0-B5A2-372B4ACFDAA2}
	EndProjectSection
EndProject
Project("{FAE04EC0-301F-11D3-BF4B-00C04F79EFBC}") = "FolderSettingsHelper", "FolderSettingsHelper\FolderSettingsHelper.csproj", "{97C916FF-6271-44F8-9A20-6E0A0389524B}"
EndProject
Project("{FAE04EC0-301F-11D3-BF4B-00C04F79EFBC}") = "EPubLibrary", "..\epublibrary\EPubLibrary.csproj", "{2868CFB2-562D-4C26-9471-F78F1D94CE0D}"
	ProjectSection(ProjectDependencies) = postProject
		{3E201D89-9F10-4CE0-B5A2-372B4ACFDAA2} = {3E201D89-9F10-4CE0-B5A2-372B4ACFDAA2}
	EndProjectSection
EndProject
Project("{FAE04EC0-301F-11D3-BF4B-00C04F79EFBC}") = "FontsSettings", "..\fontsettings\FontsSettings.csproj", "{3E201D89-9F10-4CE0-B5A2-372B4ACFDAA2}"
EndProject
Project("{FAE04EC0-301F-11D3-BF4B-00C04F79EFBC}") = "XHTMLClassLibrary", "..\xhtmlclasslibrary\XHTMLClassLibrary.csproj", "{FFCCD288-4F11-44A5-AB04-3CACF840935C}"
EndProject
Project("{FAE04EC0-301F-11D3-BF4B-00C04F79EFBC}") = "FB2Library", "..\fb2librarynet\FB2Library.csproj", "{4DEC5888-E71A-4D00-93B7-7F11C92D0A3F}"
EndProject
Project("{FAE04EC0-301F-11D3-BF4B-00C04F79EFBC}") = "TranslitRu", "..\translitrunet\TranslitRu.csproj", "{CDFF6D0A-EB28-4817-8635-D6B0A9FDE833}"
EndProject
Project("{FAE04EC0-301F-11D3-BF4B-00C04F79EFBC}") = "ISOLanguages", "..\isiolanguages\ISOLanguages.csproj", "{58E261A5-B2EA-43F3-820D-902B5C061321}"
EndProject
Global
	GlobalSection(SolutionConfigurationPlatforms) = preSolution
		Debug|Any CPU = Debug|Any CPU
		Debug|Mixed Platforms = Debug|Mixed Platforms
		Debug|Win32 = Debug|Win32
		Debug|x64 = Debug|x64
		Debug|x86 = Debug|x86
		Release|Any CPU = Release|Any CPU
		Release|Mixed Platforms = Release|Mixed Platforms
		Release|Win32 = Release|Win32
		Release|x64 = Release|x64
		Release|x86 = Release|x86
	EndGlobalSection
	GlobalSection(ProjectConfigurationPlatforms) = postSolution
		{58F68096-2525-432E-A658-901B24A3C7C5}.Debug|Any CPU.ActiveCfg = Debug|Any CPU
		{58F68096-2525-432E-A658-901B24A3C7C5}.Debug|Any CPU.Build.0 = Debug|Any CPU
		{58F68096-2525-432E-A658-901B24A3C7C5}.Debug|Mixed Platforms.ActiveCfg = Debug|Any CPU
		{58F68096-2525-432E-A658-901B24A3C7C5}.Debug|Mixed Platforms.Build.0 = Debug|Any CPU
		{58F68096-2525-432E-A658-901B24A3C7C5}.Debug|Win32.ActiveCfg = Debug|Any CPU
		{58F68096-2525-432E-A658-901B24A3C7C5}.Debug|x64.ActiveCfg = Debug|Any CPU
		{58F68096-2525-432E-A658-901B24A3C7C5}.Debug|x64.Build.0 = Debug|Any CPU
		{58F68096-2525-432E-A658-901B24A3C7C5}.Debug|x86.ActiveCfg = Debug|x64
		{58F68096-2525-432E-A658-901B24A3C7C5}.Release|Any CPU.ActiveCfg = Release|Any CPU
		{58F68096-2525-432E-A658-901B24A3C7C5}.Release|Any CPU.Build.0 = Release|Any CPU
		{58F68096-2525-432E-A658-901B24A3C7C5}.Release|Mixed Platforms.ActiveCfg = Release|Any CPU
		{58F68096-2525-432E-A658-901B24A3C7C5}.Release|Win32.ActiveCfg = Release|Any CPU
		{58F68096-2525-432E-A658-901B24A3C7C5}.Release|Win32.Build.0 = Release|Any CPU
		{58F68096-2525-432E-A658-901B24A3C7C5}.Release|x64.ActiveCfg = Release|Any CPU
		{58F68096-2525-432E-A658-901B24A3C7C5}.Release|x64.Build.0 = Release|Any CPU
		{58F68096-2525-432E-A658-901B24A3C7C5}.Release|x86.ActiveCfg = Release|x64
		{738F2015-0DC7-4C38-BBF0-90FD5C3C2518}.Debug|Any CPU.ActiveCfg = Debug|Any CPU
		{738F2015-0DC7-4C38-BBF0-90FD5C3C2518}.Debug|Any CPU.Build.0 = Debug|Any CPU
		{738F2015-0DC7-4C38-BBF0-90FD5C3C2518}.Debug|Mixed Platforms.ActiveCfg = Debug|Any CPU
		{738F2015-0DC7-4C38-BBF0-90FD5C3C2518}.Debug|Mixed Platforms.Build.0 = Debug|Any CPU
		{738F2015-0DC7-4C38-BBF0-90FD5C3C2518}.Debug|Win32.ActiveCfg = Debug|Any CPU
		{738F2015-0DC7-4C38-BBF0-90FD5C3C2518}.Debug|x64.ActiveCfg = Debug|Any CPU
		{738F2015-0DC7-4C38-BBF0-90FD5C3C2518}.Debug|x64.Build.0 = Debug|Any CPU
		{738F2015-0DC7-4C38-BBF0-90FD5C3C2518}.Debug|x86.ActiveCfg = Debug|x64
		{738F2015-0DC7-4C38-BBF0-90FD5C3C2518}.Release|Any CPU.ActiveCfg = Release|Any CPU
		{738F2015-0DC7-4C38-BBF0-90FD5C3C2518}.Release|Any CPU.Build.0 = Release|Any CPU
		{738F2015-0DC7-4C38-BBF0-90FD5C3C2518}.Release|Mixed Platforms.ActiveCfg = Release|Any CPU
		{738F2015-0DC7-4C38-BBF0-90FD5C3C2518}.Release|Win32.ActiveCfg = Release|Any CPU
		{738F2015-0DC7-4C38-BBF0-90FD5C3C2518}.Release|Win32.Build.0 = Release|Any CPU
		{738F2015-0DC7-4C38-BBF0-90FD5C3C2518}.Release|x64.ActiveCfg = Release|Any CPU
		{738F2015-0DC7-4C38-BBF0-90FD5C3C2518}.Release|x64.Build.0 = Release|Any CPU
		{738F2015-0DC7-4C38-BBF0-90FD5C3C2518}.Release|x86.ActiveCfg = Release|x64
		{260632CD-33BF-4324-9119-C542E9A9B516}.Debug|Any CPU.ActiveCfg = Debug|Win32
		{260632CD-33BF-4324-9119-C542E9A9B516}.Debug|Any CPU.Build.0 = Debug|Win32
		{260632CD-33BF-4324-9119-C542E9A9B516}.Debug|Mixed Platforms.ActiveCfg = Debug|Win32
		{260632CD-33BF-4324-9119-C542E9A9B516}.Debug|Mixed Platforms.Build.0 = Debug|Win32
		{260632CD-33BF-4324-9119-C542E9A9B516}.Debug|Win32.ActiveCfg = Debug|Win32
		{260632CD-33BF-4324-9119-C542E9A9B516}.Debug|Win32.Build.0 = Debug|Win32
		{260632CD-33BF-4324-9119-C542E9A9B516}.Debug|x64.ActiveCfg = Debug|x64
		{260632CD-33BF-4324-9119-C542E9A9B516}.Debug|x64.Build.0 = Debug|x64
		{260632CD-33BF-4324-9119-C542E9A9B516}.Debug|x86.ActiveCfg = Debug|x64
		{260632CD-33BF-4324-9119-C542E9A9B516}.Release|Any CPU.ActiveCfg = Release|Win32
		{260632CD-33BF-4324-9119-C542E9A9B516}.Release|Any CPU.Build.0 = Release|Win32
		{260632CD-33BF-4324-9119-C542E9A9B516}.Release|Mixed Platforms.ActiveCfg = Release|Win32
		{260632CD-33BF-4324-9119-C542E9A9B516}.Release|Mixed Platforms.Build.0 = Release|Win32
		{260632CD-33BF-4324-9119-C542E9A9B516}.Release|Win32.ActiveCfg = Release|Win32
		{260632CD-33BF-4324-9119-C542E9A9B516}.Release|Win32.Build.0 = Release|Win32
		{260632CD-33BF-4324-9119-C542E9A9B516}.Release|x64.ActiveCfg = Release|x64
		{260632CD-33BF-4324-9119-C542E9A9B516}.Release|x64.Build.0 = Release|x64
		{260632CD-33BF-4324-9119-C542E9A9B516}.Release|x86.ActiveCfg = Release|x64
		{48473EBF-89D0-46BE-B7AE-D46E3B52415F}.Debug|Any CPU.ActiveCfg = Debug|Any CPU
		{48473EBF-89D0-46BE-B7AE-D46E3B52415F}.Debug|Any CPU.Build.0 = Debug|Any CPU
		{48473EBF-89D0-46BE-B7AE-D46E3B52415F}.Debug|Mixed Platforms.ActiveCfg = Debug|Any CPU
		{48473EBF-89D0-46BE-B7AE-D46E3B52415F}.Debug|Mixed Platforms.Build.0 = Debug|Any CPU
		{48473EBF-89D0-46BE-B7AE-D46E3B52415F}.Debug|Win32.ActiveCfg = Debug|Any CPU
		{48473EBF-89D0-46BE-B7AE-D46E3B52415F}.Debug|x64.ActiveCfg = Debug|Any CPU
		{48473EBF-89D0-46BE-B7AE-D46E3B52415F}.Debug|x64.Build.0 = Debug|Any CPU
		{48473EBF-89D0-46BE-B7AE-D46E3B52415F}.Debug|x86.ActiveCfg = Debug|x64
		{48473EBF-89D0-46BE-B7AE-D46E3B52415F}.Release|Any CPU.ActiveCfg = Release|Any CPU
		{48473EBF-89D0-46BE-B7AE-D46E3B52415F}.Release|Any CPU.Build.0 = Release|Any CPU
		{48473EBF-89D0-46BE-B7AE-D46E3B52415F}.Release|Mixed Platforms.ActiveCfg = Release|Any CPU
		{48473EBF-89D0-46BE-B7AE-D46E3B52415F}.Release|Win32.ActiveCfg = Release|Any CPU
		{48473EBF-89D0-46BE-B7AE-D46E3B52415F}.Release|Win32.Build.0 = Release|Any CPU
		{48473EBF-89D0-46BE-B7AE-D46E3B52415F}.Release|x64.ActiveCfg = Release|Any CPU
		{48473EBF-89D0-46BE-B7AE-D46E3B52415F}.Release|x64.Build.0 = Release|Any CPU
		{48473EBF-89D0-46BE-B7AE-D46E3B52415F}.Release|x86.ActiveCfg = Release|x64
		{5780FCC5-4CE5-417B-8A4C-E75FFCE4B9E4}.Debug|Any CPU.ActiveCfg = Debug|Any CPU
		{5780FCC5-4CE5-417B-8A4C-E75FFCE4B9E4}.Debug|Any CPU.Build.0 = Debug|Any CPU
		{5780FCC5-4CE5-417B-8A4C-E75FFCE4B9E4}.Debug|Mixed Platforms.ActiveCfg = Debug|Any CPU
		{5780FCC5-4CE5-417B-8A4C-E75FFCE4B9E4}.Debug|Mixed Platforms.Build.0 = Debug|Any CPU
		{5780FCC5-4CE5-417B-8A4C-E75FFCE4B9E4}.Debug|Win32.ActiveCfg = Debug|Any CPU
		{5780FCC5-4CE5-417B-8A4C-E75FFCE4B9E4}.Debug|x64.ActiveCfg = Debug|Any CPU
		{5780FCC5-4CE5-417B-8A4C-E75FFCE4B9E4}.Debug|x64.Build.0 = Debug|Any CPU
		{5780FCC5-4CE5-417B-8A4C-E75FFCE4B9E4}.Debug|x86.ActiveCfg = Debug|Any CPU
		{5780FCC5-4CE5-417B-8A4C-E75FFCE4B9E4}.Release|Any CPU.ActiveCfg = Release|Any CPU
		{5780FCC5-4CE5-417B-8A4C-E75FFCE4B9E4}.Release|Any CPU.Build.0 = Release|Any CPU
		{5780FCC5-4CE5-417B-8A4C-E75FFCE4B9E4}.Release|Mixed Platforms.ActiveCfg = Release|Any CPU
		{5780FCC5-4CE5-417B-8A4C-E75FFCE4B9E4}.Release|Mixed Platforms.Build.0 = Release|Any CPU
		{5780FCC5-4CE5-417B-8A4C-E75FFCE4B9E4}.Release|Win32.ActiveCfg = Release|Any CPU
		{5780FCC5-4CE5-417B-8A4C-E75FFCE4B9E4}.Release|x64.ActiveCfg = Release|Any CPU
		{5780FCC5-4CE5-417B-8A4C-E75FFCE4B9E4}.Release|x64.Build.0 = Release|Any CPU
		{5780FCC5-4CE5-417B-8A4C-E75FFCE4B9E4}.Release|x86.ActiveCfg = Release|Any CPU
		{AD23A99E-89FE-47C9-BD2C-25C416F327F3}.Debug|Any CPU.ActiveCfg = Debug|Any CPU
		{AD23A99E-89FE-47C9-BD2C-25C416F327F3}.Debug|Any CPU.Build.0 = Debug|Any CPU
		{AD23A99E-89FE-47C9-BD2C-25C416F327F3}.Debug|Mixed Platforms.ActiveCfg = Debug|Any CPU
		{AD23A99E-89FE-47C9-BD2C-25C416F327F3}.Debug|Mixed Platforms.Build.0 = Debug|Any CPU
		{AD23A99E-89FE-47C9-BD2C-25C416F327F3}.Debug|Win32.ActiveCfg = Debug|Any CPU
		{AD23A99E-89FE-47C9-BD2C-25C416F327F3}.Debug|x64.ActiveCfg = Debug|Any CPU
		{AD23A99E-89FE-47C9-BD2C-25C416F327F3}.Debug|x64.Build.0 = Debug|Any CPU
		{AD23A99E-89FE-47C9-BD2C-25C416F327F3}.Debug|x86.ActiveCfg = Debug|Any CPU
		{AD23A99E-89FE-47C9-BD2C-25C416F327F3}.Release|Any CPU.ActiveCfg = Release|Any CPU
		{AD23A99E-89FE-47C9-BD2C-25C416F327F3}.Release|Any CPU.Build.0 = Release|Any CPU
		{AD23A99E-89FE-47C9-BD2C-25C416F327F3}.Release|Mixed Platforms.ActiveCfg = Release|Any CPU
		{AD23A99E-89FE-47C9-BD2C-25C416F327F3}.Release|Mixed Platforms.Build.0 = Release|Any CPU
		{AD23A99E-89FE-47C9-BD2C-25C416F327F3}.Release|Win32.ActiveCfg = Release|Any CPU
		{AD23A99E-89FE-47C9-BD2C-25C416F327F3}.Release|x64.ActiveCfg = Release|Any CPU
		{AD23A99E-89FE-47C9-BD2C-25C416F327F3}.Release|x64.Build.0 = Release|Any CPU
		{AD23A99E-89FE-47C9-BD2C-25C416F327F3}.Release|x86.ActiveCfg = Release|Any CPU
		{FFC4C157-B416-49DB-BA20-7F2D8B8BB667}.Debug|Any CPU.ActiveCfg = Debug
		{FFC4C157-B416-49DB-BA20-7F2D8B8BB667}.Debug|Mixed Platforms.ActiveCfg = Debug
		{FFC4C157-B416-49DB-BA20-7F2D8B8BB667}.Debug|Mixed Platforms.Build.0 = Debug
		{FFC4C157-B416-49DB-BA20-7F2D8B8BB667}.Debug|Win32.ActiveCfg = Debug
		{FFC4C157-B416-49DB-BA20-7F2D8B8BB667}.Debug|Win32.Build.0 = Debug
		{FFC4C157-B416-49DB-BA20-7F2D8B8BB667}.Debug|x64.ActiveCfg = Debug
		{FFC4C157-B416-49DB-BA20-7F2D8B8BB667}.Debug|x86.ActiveCfg = Debug
		{FFC4C157-B416-49DB-BA20-7F2D8B8BB667}.Debug|x86.Build.0 = Debug
		{FFC4C157-B416-49DB-BA20-7F2D8B8BB667}.Release|Any CPU.ActiveCfg = Release
		{FFC4C157-B416-49DB-BA20-7F2D8B8BB667}.Release|Any CPU.Build.0 = Release
		{FFC4C157-B416-49DB-BA20-7F2D8B8BB667}.Release|Mixed Platforms.ActiveCfg = Release
		{FFC4C157-B416-49DB-BA20-7F2D8B8BB667}.Release|Mixed Platforms.Build.0 = Release
		{FFC4C157-B416-49DB-BA20-7F2D8B8BB667}.Release|Win32.ActiveCfg = Release
		{FFC4C157-B416-49DB-BA20-7F2D8B8BB667}.Release|Win32.Build.0 = Release
		{FFC4C157-B416-49DB-BA20-7F2D8B8BB667}.Release|x64.ActiveCfg = Release
		{FFC4C157-B416-49DB-BA20-7F2D8B8BB667}.Release|x86.ActiveCfg = Release
		{FFC4C157-B416-49DB-BA20-7F2D8B8BB667}.Release|x86.Build.0 = Release
		{6E993A49-2782-498E-95DA-358D5BFEBFF3}.Debug|Any CPU.ActiveCfg = Debug
		{6E993A49-2782-498E-95DA-358D5BFEBFF3}.Debug|Mixed Platforms.ActiveCfg = Debug
		{6E993A49-2782-498E-95DA-358D5BFEBFF3}.Debug|Mixed Platforms.Build.0 = Debug
		{6E993A49-2782-498E-95DA-358D5BFEBFF3}.Debug|Win32.ActiveCfg = Debug
		{6E993A49-2782-498E-95DA-358D5BFEBFF3}.Debug|Win32.Build.0 = Debug
		{6E993A49-2782-498E-95DA-358D5BFEBFF3}.Debug|x64.ActiveCfg = Debug
		{6E993A49-2782-498E-95DA-358D5BFEBFF3}.Debug|x64.Build.0 = Debug
		{6E993A49-2782-498E-95DA-358D5BFEBFF3}.Debug|x86.ActiveCfg = Debug
		{6E993A49-2782-498E-95DA-358D5BFEBFF3}.Debug|x86.Build.0 = Debug
		{6E993A49-2782-498E-95DA-358D5BFEBFF3}.Release|Any CPU.ActiveCfg = Release
		{6E993A49-2782-498E-95DA-358D5BFEBFF3}.Release|Mixed Platforms.ActiveCfg = Release
		{6E993A49-2782-498E-95DA-358D5BFEBFF3}.Release|Mixed Platforms.Build.0 = Release
		{6E993A49-2782-498E-95DA-358D5BFEBFF3}.Release|Win32.ActiveCfg = Release
		{6E993A49-2782-498E-95DA-358D5BFEBFF3}.Release|Win32.Build.0 = Release
		{6E993A49-2782-498E-95DA-358D5BFEBFF3}.Release|x64.ActiveCfg = Release
		{6E993A49-2782-498E-95DA-358D5BFEBFF3}.Release|x64.Build.0 = Release
		{6E993A49-2782-498E-95DA-358D5BFEBFF3}.Release|x86.ActiveCfg = Release
		{6E993A49-2782-498E-95DA-358D5BFEBFF3}.Release|x86.Build.0 = Release
		{BB87C009-1337-43FF-ADF6-6E7861AA9343}.Debug|Any CPU.ActiveCfg = Debug|Any CPU
		{BB87C009-1337-43FF-ADF6-6E7861AA9343}.Debug|Any CPU.Build.0 = Debug|Any CPU
		{BB87C009-1337-43FF-ADF6-6E7861AA9343}.Debug|Mixed Platforms.ActiveCfg = Debug|Any CPU
		{BB87C009-1337-43FF-ADF6-6E7861AA9343}.Debug|Mixed Platforms.Build.0 = Debug|Any CPU
		{BB87C009-1337-43FF-ADF6-6E7861AA9343}.Debug|Win32.ActiveCfg = Debug|Any CPU
		{BB87C009-1337-43FF-ADF6-6E7861AA9343}.Debug|x64.ActiveCfg = Debug|Any CPU
		{BB87C009-1337-43FF-ADF6-6E7861AA9343}.Debug|x64.Build.0 = Debug|Any CPU
		{BB87C009-1337-43FF-ADF6-6E7861AA9343}.Debug|x86.ActiveCfg = Debug|Any CPU
		{BB87C009-1337-43FF-ADF6-6E7861AA9343}.Release|Any CPU.ActiveCfg = Release|Any CPU
		{BB87C009-1337-43FF-ADF6-6E7861AA9343}.Release|Any CPU.Build.0 = Release|Any CPU
		{BB87C009-1337-43FF-ADF6-6E7861AA9343}.Release|Mixed Platforms.ActiveCfg = Release|Any CPU
		{BB87C009-1337-43FF-ADF6-6E7861AA9343}.Release|Mixed Platforms.Build.0 = Release|Any CPU
		{BB87C009-1337-43FF-ADF6-6E7861AA9343}.Release|Win32.ActiveCfg = Release|Any CPU
		{BB87C009-1337-43FF-ADF6-6E7861AA9343}.Release|x64.ActiveCfg = Release|Any CPU
		{BB87C009-1337-43FF-ADF6-6E7861AA9343}.Release|x64.Build.0 = Release|Any CPU
		{BB87C009-1337-43FF-ADF6-6E7861AA9343}.Release|x86.ActiveCfg = Release|Any CPU
		{97C916FF-6271-44F8-9A20-6E0A0389524B}.Debug|Any CPU.ActiveCfg = Debug|Any CPU
		{97C916FF-6271-44F8-9A20-6E0A0389524B}.Debug|Any CPU.Build.0 = Debug|Any CPU
		{97C916FF-6271-44F8-9A20-6E0A0389524B}.Debug|Mixed Platforms.ActiveCfg = Debug|Any CPU
		{97C916FF-6271-44F8-9A20-6E0A0389524B}.Debug|Mixed Platforms.Build.0 = Debug|Any CPU
		{97C916FF-6271-44F8-9A20-6E0A0389524B}.Debug|Win32.ActiveCfg = Debug|Any CPU
		{97C916FF-6271-44F8-9A20-6E0A0389524B}.Debug|x64.ActiveCfg = Debug|Any CPU
		{97C916FF-6271-44F8-9A20-6E0A0389524B}.Debug|x64.Build.0 = Debug|Any CPU
		{97C916FF-6271-44F8-9A20-6E0A0389524B}.Debug|x86.ActiveCfg = Debug|Any CPU
		{97C916FF-6271-44F8-9A20-6E0A0389524B}.Release|Any CPU.ActiveCfg = Release|Any CPU
		{97C916FF-6271-44F8-9A20-6E0A0389524B}.Release|Any CPU.Build.0 = Release|Any CPU
		{97C916FF-6271-44F8-9A20-6E0A0389524B}.Release|Mixed Platforms.ActiveCfg = Release|Any CPU
		{97C916FF-6271-44F8-9A20-6E0A0389524B}.Release|Mixed Platforms.Build.0 = Release|Any CPU
		{97C916FF-6271-44F8-9A20-6E0A0389524B}.Release|Win32.ActiveCfg = Release|Any CPU
		{97C916FF-6271-44F8-9A20-6E0A0389524B}.Release|x64.ActiveCfg = Release|Any CPU
		{97C916FF-6271-44F8-9A20-6E0A0389524B}.Release|x86.ActiveCfg = Release|Any CPU
		{2868CFB2-562D-4C26-9471-F78F1D94CE0D}.Debug|Any CPU.ActiveCfg = Debug|Any CPU
		{2868CFB2-562D-4C26-9471-F78F1D94CE0D}.Debug|Any CPU.Build.0 = Debug|Any CPU
		{2868CFB2-562D-4C26-9471-F78F1D94CE0D}.Debug|Mixed Platforms.ActiveCfg = Debug|x64
		{2868CFB2-562D-4C26-9471-F78F1D94CE0D}.Debug|Mixed Platforms.Build.0 = Debug|x64
		{2868CFB2-562D-4C26-9471-F78F1D94CE0D}.Debug|Win32.ActiveCfg = Debug|x64
		{2868CFB2-562D-4C26-9471-F78F1D94CE0D}.Debug|x64.ActiveCfg = Debug|x64
		{2868CFB2-562D-4C26-9471-F78F1D94CE0D}.Debug|x64.Build.0 = Debug|x64
		{2868CFB2-562D-4C26-9471-F78F1D94CE0D}.Debug|x86.ActiveCfg = Debug|x64
		{2868CFB2-562D-4C26-9471-F78F1D94CE0D}.Release|Any CPU.ActiveCfg = Release|Any CPU
		{2868CFB2-562D-4C26-9471-F78F1D94CE0D}.Release|Any CPU.Build.0 = Release|Any CPU
		{2868CFB2-562D-4C26-9471-F78F1D94CE0D}.Release|Mixed Platforms.ActiveCfg = Release|x64
		{2868CFB2-562D-4C26-9471-F78F1D94CE0D}.Release|Mixed Platforms.Build.0 = Release|x64
		{2868CFB2-562D-4C26-9471-F78F1D94CE0D}.Release|Win32.ActiveCfg = Release|x64
		{2868CFB2-562D-4C26-9471-F78F1D94CE0D}.Release|x64.ActiveCfg = Release|x64
		{2868CFB2-562D-4C26-9471-F78F1D94CE0D}.Release|x64.Build.0 = Release|x64
		{2868CFB2-562D-4C26-9471-F78F1D94CE0D}.Release|x86.ActiveCfg = Release|x64
		{3E201D89-9F10-4CE0-B5A2-372B4ACFDAA2}.Debug|Any CPU.ActiveCfg = Debug|Any CPU
		{3E201D89-9F10-4CE0-B5A2-372B4ACFDAA2}.Debug|Any CPU.Build.0 = Debug|Any CPU
		{3E201D89-9F10-4CE0-B5A2-372B4ACFDAA2}.Debug|Mixed Platforms.ActiveCfg = Debug|Any CPU
		{3E201D89-9F10-4CE0-B5A2-372B4ACFDAA2}.Debug|Mixed Platforms.Build.0 = Debug|Any CPU
		{3E201D89-9F10-4CE0-B5A2-372B4ACFDAA2}.Debug|Win32.ActiveCfg = Debug|Any CPU
		{3E201D89-9F10-4CE0-B5A2-372B4ACFDAA2}.Debug|x64.ActiveCfg = Debug|Any CPU
		{3E201D89-9F10-4CE0-B5A2-372B4ACFDAA2}.Debug|x86.ActiveCfg = Debug|Any CPU
		{3E201D89-9F10-4CE0-B5A2-372B4ACFDAA2}.Release|Any CPU.ActiveCfg = Release|Any CPU
		{3E201D89-9F10-4CE0-B5A2-372B4ACFDAA2}.Release|Any CPU.Build.0 = Release|Any CPU
		{3E201D89-9F10-4CE0-B5A2-372B4ACFDAA2}.Release|Mixed Platforms.ActiveCfg = Release|Any CPU
		{3E201D89-9F10-4CE0-B5A2-372B4ACFDAA2}.Release|Mixed Platforms.Build.0 = Release|Any CPU
		{3E201D89-9F10-4CE0-B5A2-372B4ACFDAA2}.Release|Win32.ActiveCfg = Release|Any CPU
		{3E201D89-9F10-4CE0-B5A2-372B4ACFDAA2}.Release|x64.ActiveCfg = Release|Any CPU
		{3E201D89-9F10-4CE0-B5A2-372B4ACFDAA2}.Release|x86.ActiveCfg = Release|Any CPU
		{FFCCD288-4F11-44A5-AB04-3CACF840935C}.Debug|Any CPU.ActiveCfg = Debug|Any CPU
		{FFCCD288-4F11-44A5-AB04-3CACF840935C}.Debug|Any CPU.Build.0 = Debug|Any CPU
		{FFCCD288-4F11-44A5-AB04-3CACF840935C}.Debug|Mixed Platforms.ActiveCfg = Debug|x64
		{FFCCD288-4F11-44A5-AB04-3CACF840935C}.Debug|Mixed Platforms.Build.0 = Debug|x64
		{FFCCD288-4F11-44A5-AB04-3CACF840935C}.Debug|Win32.ActiveCfg = Debug|x64
		{FFCCD288-4F11-44A5-AB04-3CACF840935C}.Debug|x64.ActiveCfg = Debug|x64
		{FFCCD288-4F11-44A5-AB04-3CACF840935C}.Debug|x64.Build.0 = Debug|x64
		{FFCCD288-4F11-44A5-AB04-3CACF840935C}.Debug|x86.ActiveCfg = Debug|x64
		{FFCCD288-4F11-44A5-AB04-3CACF840935C}.Release|Any CPU.ActiveCfg = Release|Any CPU
		{FFCCD288-4F11-44A5-AB04-3CACF840935C}.Release|Any CPU.Build.0 = Release|Any CPU
		{FFCCD288-4F11-44A5-AB04-3CACF840935C}.Release|Mixed Platforms.ActiveCfg = Release|x64
		{FFCCD288-4F11-44A5-AB04-3CACF840935C}.Release|Mixed Platforms.Build.0 = Release|x64
		{FFCCD288-4F11-44A5-AB04-3CACF840935C}.Release|Win32.ActiveCfg = Release|x64
		{FFCCD288-4F11-44A5-AB04-3CACF840935C}.Release|x64.ActiveCfg = Release|x64
		{FFCCD288-4F11-44A5-AB04-3CACF840935C}.Release|x64.Build.0 = Release|x64
		{FFCCD288-4F11-44A5-AB04-3CACF840935C}.Release|x86.ActiveCfg = Release|x64
		{4DEC5888-E71A-4D00-93B7-7F11C92D0A3F}.Debug|Any CPU.ActiveCfg = Debug|Any CPU
		{4DEC5888-E71A-4D00-93B7-7F11C92D0A3F}.Debug|Any CPU.Build.0 = Debug|Any CPU
		{4DEC5888-E71A-4D00-93B7-7F11C92D0A3F}.Debug|Mixed Platforms.ActiveCfg = Debug|Any CPU
		{4DEC5888-E71A-4D00-93B7-7F11C92D0A3F}.Debug|Mixed Platforms.Build.0 = Debug|Any CPU
		{4DEC5888-E71A-4D00-93B7-7F11C92D0A3F}.Debug|Win32.ActiveCfg = Debug|Any CPU
		{4DEC5888-E71A-4D00-93B7-7F11C92D0A3F}.Debug|x64.ActiveCfg = Debug|Any CPU
		{4DEC5888-E71A-4D00-93B7-7F11C92D0A3F}.Debug|x86.ActiveCfg = Debug|Any CPU
		{4DEC5888-E71A-4D00-93B7-7F11C92D0A3F}.Release|Any CPU.ActiveCfg = Release|Any CPU
		{4DEC5888-E71A-4D00-93B7-7F11C92D0A3F}.Release|Any CPU.Build.0 = Release|Any CPU
		{4DEC5888-E71A-4D00-93B7-7F11C92D0A3F}.Release|Mixed Platforms.ActiveCfg = Release|Any CPU
		{4DEC5888-E71A-4D00-93B7-7F11C92D0A3F}.Release|Mixed Platforms.Build.0 = Release|Any CPU
		{4DEC5888-E71A-4D00-93B7-7F11C92D0A3F}.Release|Win32.ActiveCfg = Release|Any CPU
		{4DEC5888-E71A-4D00-93B7-7F11C92D0A3F}.Release|x64.ActiveCfg = Release|Any CPU
		{4DEC5888-E71A-4D00-93B7-7F11C92D0A3F}.Release|x86.ActiveCfg = Release|Any CPU
		{CDFF6D0A-EB28-4817-8635-D6B0A9FDE833}.Debug|Any CPU.ActiveCfg = Debug|Any CPU
		{CDFF6D0A-EB28-4817-8635-D6B0A9FDE833}.Debug|Any CPU.Build.0 = Debug|Any CPU
		{CDFF6D0A-EB28-4817-8635-D6B0A9FDE833}.Debug|Mixed Platforms.ActiveCfg = Debug|Any CPU
		{CDFF6D0A-EB28-4817-8635-D6B0A9FDE833}.Debug|Mixed Platforms.Build.0 = Debug|Any CPU
		{CDFF6D0A-EB28-4817-8635-D6B0A9FDE833}.Debug|Win32.ActiveCfg = Debug|Any CPU
		{CDFF6D0A-EB28-4817-8635-D6B0A9FDE833}.Debug|x64.ActiveCfg = Debug|Any CPU
		{CDFF6D0A-EB28-4817-8635-D6B0A9FDE833}.Debug|x86.ActiveCfg = Debug|Any CPU
		{CDFF6D0A-EB28-4817-8635-D6B0A9FDE833}.Release|Any CPU.ActiveCfg = Release|Any CPU
		{CDFF6D0A-EB28-4817-8635-D6B0A9FDE833}.Release|Any CPU.Build.0 = Release|Any CPU
		{CDFF6D0A-EB28-4817-8635-D6B0A9FDE833}.Release|Mixed Platforms.ActiveCfg = Release|Any CPU
		{CDFF6D0A-EB28-4817-8635-D6B0A9FDE833}.Release|Mixed Platforms.Build.0 = Release|Any CPU
		{CDFF6D0A-EB28-4817-8635-D6B0A9FDE833}.Release|Win32.ActiveCfg = Release|Any CPU
		{CDFF6D0A-EB28-4817-8635-D6B0A9FDE833}.Release|x64.ActiveCfg = Release|Any CPU
		{CDFF6D0A-EB28-4817-8635-D6B0A9FDE833}.Release|x86.ActiveCfg = Release|Any CPU
		{58E261A5-B2EA-43F3-820D-902B5C061321}.Debug|Any CPU.ActiveCfg = Debug|Any CPU
		{58E261A5-B2EA-43F3-820D-902B5C061321}.Debug|Any CPU.Build.0 = Debug|Any CPU
		{58E261A5-B2EA-43F3-820D-902B5C061321}.Debug|Mixed Platforms.ActiveCfg = Debug|x64
		{58E261A5-B2EA-43F3-820D-902B5C061321}.Debug|Mixed Platforms.Build.0 = Debug|x64
		{58E261A5-B2EA-43F3-820D-902B5C061321}.Debug|Win32.ActiveCfg = Debug|x64
		{58E261A5-B2EA-43F3-820D-902B5C061321}.Debug|x64.ActiveCfg = Debug|x64
		{58E261A5-B2EA-43F3-820D-902B5C061321}.Debug|x64.Build.0 = Debug|x64
		{58E261A5-B2EA-43F3-820D-902B5C061321}.Debug|x86.ActiveCfg = Debug|x64
		{58E261A5-B2EA-43F3-820D-902B5C061321}.Release|Any CPU.ActiveCfg = Release|Any CPU
		{58E261A5-B2EA-43F3-820D-902B5C061321}.Release|Any CPU.Build.0 = Release|Any CPU
		{58E261A5-B2EA-43F3-820D-902B5C061321}.Release|Mixed Platforms.ActiveCfg = Release|x64
		{58E261A5-B2EA-43F3-820D-902B5C061321}.Release|Mixed Platforms.Build.0 = Release|x64
		{58E261A5-B2EA-43F3-820D-902B5C061321}.Release|Win32.ActiveCfg = Release|x64
		{58E261A5-B2EA-43F3-820D-902B5C061321}.Release|x64.ActiveCfg = Release|x64
		{58E261A5-B2EA-43F3-820D-902B5C061321}.Release|x64.Build.0 = Release|x64
		{58E261A5-B2EA-43F3-820D-902B5C061321}.Release|x86.ActiveCfg = Release|x64
	EndGlobalSection
	GlobalSection(SolutionProperties) = preSolution
		HideSolutionNode = FALSE
	EndGlobalSection
	GlobalSection(NestedProjects) = preSolution
		{FFC4C157-B416-49DB-BA20-7F2D8B8BB667} = {FAC69113-CCEA-400B-B587-49F30C3ACB5D}
		{6E993A49-2782-498E-95DA-358D5BFEBFF3} = {FAC69113-CCEA-400B-B587-49F30C3ACB5D}
	EndGlobalSection
EndGlobal
