
Microsoft Visual Studio Solution File, Format Version 12.00
# Visual Studio 2012
Project("{FAE04EC0-301F-11D3-BF4B-00C04F79EFBC}") = "Fb2ePub", "Fb2ePub\Fb2ePub.csproj", "{58F68096-2525-432E-A658-901B24A3C7C5}"
	ProjectSection(ProjectDependencies) = postProject
		{3E201D89-9F10-4CE0-B5A2-372B4ACFDAA2} = {3E201D89-9F10-4CE0-B5A2-372B4ACFDAA2}
	EndProjectSection
EndProject
Project("{FAE04EC0-301F-11D3-BF4B-00C04F79EFBC}") = "FB2EPubConverter", "FB2EPubConverter\FB2EPubConverter.csproj", "{738F2015-0DC7-4C38-BBF0-90FD5C3C2518}"
	ProjectSection(ProjectDependencies) = postProject
		{2868CFB2-562D-4C26-9471-F78F1D94CE0D} = {2868CFB2-562D-4C26-9471-F78F1D94CE0D}
	EndProjectSection
EndProject
Project("{8BC9CEB8-8B4A-11D0-8D11-00A0C91BC942}") = "Fb2EpubExt", "Fb2EpubExt\Fb2EpubExt.vcxproj", "{260632CD-33BF-4324-9119-C542E9A9B516}"
	ProjectSection(ProjectDependencies) = postProject
		{738F2015-0DC7-4C38-BBF0-90FD5C3C2518} = {738F2015-0DC7-4C38-BBF0-90FD5C3C2518}
	EndProjectSection
EndProject
Project("{FAE04EC0-301F-11D3-BF4B-00C04F79EFBC}") = "RegisterFB2EPub", "RegisterFB2EPub\RegisterFB2EPub.csproj", "{48473EBF-89D0-46BE-B7AE-D46E3B52415F}"
EndProject
Project("{FAE04EC0-301F-11D3-BF4B-00C04F79EFBC}") = "Fb2ePubGui", "Fb2ePubGui\Fb2ePubGui.csproj", "{5780FCC5-4CE5-417B-8A4C-E75FFCE4B9E4}"
EndProject
Project("{FAE04EC0-301F-11D3-BF4B-00C04F79EFBC}") = "XMLFixerLibrary", "XMLFixerLibrary\XMLFixerLibrary.csproj", "{AD23A99E-89FE-47C9-BD2C-25C416F327F3}"
EndProject
Project("{FAE04EC0-301F-11D3-BF4B-00C04F79EFBC}") = "Fb2epubSettings", "Fb2epubSettings\Fb2epubSettings.csproj", "{BB87C009-1337-43FF-ADF6-6E7861AA9343}"
	ProjectSection(ProjectDependencies) = postProject
		{3E201D89-9F10-4CE0-B5A2-372B4ACFDAA2} = {3E201D89-9F10-4CE0-B5A2-372B4ACFDAA2}
	EndProjectSection
EndProject
Project("{FAE04EC0-301F-11D3-BF4B-00C04F79EFBC}") = "FolderSettingsHelper", "FolderSettingsHelper\FolderSettingsHelper.csproj", "{97C916FF-6271-44F8-9A20-6E0A0389524B}"
EndProject
Project("{FAE04EC0-301F-11D3-BF4B-00C04F79EFBC}") = "EPubLibrary", "..\epublibrary\EPubLibrary.csproj", "{2868CFB2-562D-4C26-9471-F78F1D94CE0D}"
	ProjectSection(ProjectDependencies) = postProject
		{3E201D89-9F10-4CE0-B5A2-372B4ACFDAA2} = {3E201D89-9F10-4CE0-B5A2-372B4ACFDAA2}
	EndProjectSection
EndProject
Project("{FAE04EC0-301F-11D3-BF4B-00C04F79EFBC}") = "FontsSettings", "..\fontsettings\FontsSettings.csproj", "{3E201D89-9F10-4CE0-B5A2-372B4ACFDAA2}"
EndProject
Project("{FAE04EC0-301F-11D3-BF4B-00C04F79EFBC}") = "XHTMLClassLibrary", "..\xhtmlclasslibrary\XHTMLClassLibrary.csproj", "{FFCCD288-4F11-44A5-AB04-3CACF840935C}"
EndProject
Project("{FAE04EC0-301F-11D3-BF4B-00C04F79EFBC}") = "FB2Library", "..\fb2librarynet\FB2Library.csproj", "{4DEC5888-E71A-4D00-93B7-7F11C92D0A3F}"
EndProject
Project("{FAE04EC0-301F-11D3-BF4B-00C04F79EFBC}") = "TranslitRu", "..\translitrunet\TranslitRu.csproj", "{CDFF6D0A-EB28-4817-8635-D6B0A9FDE833}"
EndProject
Project("{FAE04EC0-301F-11D3-BF4B-00C04F79EFBC}") = "ISOLanguages", "..\isiolanguages\ISOLanguages.csproj", "{58E261A5-B2EA-43F3-820D-902B5C061321}"
EndProject
Project("{2150E333-8FDC-42A3-9474-1A3956D46DE8}") = "Solution Items", "Solution Items", "{074062C0-E1AD-472D-9D88-73DAC2F69322}"
	ProjectSection(SolutionItems) = preProject
		CommonAssemblyInfo.cs.cs = CommonAssemblyInfo.cs.cs
		Fb2ePub\epub-logo-color-book.ICO = Fb2ePub\epub-logo-color-book.ICO
		Fb2ePub\license.docx = Fb2ePub\license.docx
	EndProjectSection
EndProject
Project("{FAE04EC0-301F-11D3-BF4B-00C04F79EFBC}") = "Fb2ePubGUI2", "Fb2ePubGUI2\Fb2ePubGUI2.csproj", "{4A9C9165-F68E-4BEE-BFB0-757568EB769D}"
EndProject
Project("{8BC9CEB8-8B4A-11D0-8D11-00A0C91BC942}") = "FBE2EpubPlugin", "FBE2EpubPlugin\FBE2EpubPlugin.vcxproj", "{747EB3E8-4318-4A6F-BDB9-90F7DB4122D3}"
EndProject
Global
	GlobalSection(SolutionConfigurationPlatforms) = preSolution
		Debug|x64 = Debug|x64
		Debug|x86 = Debug|x86
		Release|x64 = Release|x64
		Release|x86 = Release|x86
	EndGlobalSection
	GlobalSection(ProjectConfigurationPlatforms) = postSolution
		{58F68096-2525-432E-A658-901B24A3C7C5}.Debug|x64.ActiveCfg = Debug|x64
		{58F68096-2525-432E-A658-901B24A3C7C5}.Debug|x64.Build.0 = Debug|x64
		{58F68096-2525-432E-A658-901B24A3C7C5}.Debug|x86.ActiveCfg = Debug|x86
		{58F68096-2525-432E-A658-901B24A3C7C5}.Debug|x86.Build.0 = Debug|x86
		{58F68096-2525-432E-A658-901B24A3C7C5}.Release|x64.ActiveCfg = Release|x64
		{58F68096-2525-432E-A658-901B24A3C7C5}.Release|x64.Build.0 = Release|x64
		{58F68096-2525-432E-A658-901B24A3C7C5}.Release|x86.ActiveCfg = Release|x86
		{58F68096-2525-432E-A658-901B24A3C7C5}.Release|x86.Build.0 = Release|x86
		{738F2015-0DC7-4C38-BBF0-90FD5C3C2518}.Debug|x64.ActiveCfg = Debug|x64
		{738F2015-0DC7-4C38-BBF0-90FD5C3C2518}.Debug|x64.Build.0 = Debug|x64
		{738F2015-0DC7-4C38-BBF0-90FD5C3C2518}.Debug|x86.ActiveCfg = Debug|x86
		{738F2015-0DC7-4C38-BBF0-90FD5C3C2518}.Debug|x86.Build.0 = Debug|x86
		{738F2015-0DC7-4C38-BBF0-90FD5C3C2518}.Release|x64.ActiveCfg = Release|x64
		{738F2015-0DC7-4C38-BBF0-90FD5C3C2518}.Release|x64.Build.0 = Release|x64
		{738F2015-0DC7-4C38-BBF0-90FD5C3C2518}.Release|x86.ActiveCfg = Release|x86
		{738F2015-0DC7-4C38-BBF0-90FD5C3C2518}.Release|x86.Build.0 = Release|x86
		{260632CD-33BF-4324-9119-C542E9A9B516}.Debug|x64.ActiveCfg = Debug|x64
		{260632CD-33BF-4324-9119-C542E9A9B516}.Debug|x64.Build.0 = Debug|x64
		{260632CD-33BF-4324-9119-C542E9A9B516}.Debug|x86.ActiveCfg = Debug|Win32
		{260632CD-33BF-4324-9119-C542E9A9B516}.Debug|x86.Build.0 = Debug|Win32
		{260632CD-33BF-4324-9119-C542E9A9B516}.Release|x64.ActiveCfg = Release|x64
		{260632CD-33BF-4324-9119-C542E9A9B516}.Release|x64.Build.0 = Release|x64
		{260632CD-33BF-4324-9119-C542E9A9B516}.Release|x86.ActiveCfg = Release|Win32
		{260632CD-33BF-4324-9119-C542E9A9B516}.Release|x86.Build.0 = Release|Win32
		{48473EBF-89D0-46BE-B7AE-D46E3B52415F}.Debug|x64.ActiveCfg = Debug|x64
		{48473EBF-89D0-46BE-B7AE-D46E3B52415F}.Debug|x64.Build.0 = Debug|x64
		{48473EBF-89D0-46BE-B7AE-D46E3B52415F}.Debug|x86.ActiveCfg = Debug|x86
		{48473EBF-89D0-46BE-B7AE-D46E3B52415F}.Debug|x86.Build.0 = Debug|x86
		{48473EBF-89D0-46BE-B7AE-D46E3B52415F}.Release|x64.ActiveCfg = Release|x64
		{48473EBF-89D0-46BE-B7AE-D46E3B52415F}.Release|x64.Build.0 = Release|x64
		{48473EBF-89D0-46BE-B7AE-D46E3B52415F}.Release|x86.ActiveCfg = Release|x86
		{48473EBF-89D0-46BE-B7AE-D46E3B52415F}.Release|x86.Build.0 = Release|x86
		{5780FCC5-4CE5-417B-8A4C-E75FFCE4B9E4}.Debug|x64.ActiveCfg = Debug|x64
		{5780FCC5-4CE5-417B-8A4C-E75FFCE4B9E4}.Debug|x64.Build.0 = Debug|x64
		{5780FCC5-4CE5-417B-8A4C-E75FFCE4B9E4}.Debug|x86.ActiveCfg = Debug|x86
		{5780FCC5-4CE5-417B-8A4C-E75FFCE4B9E4}.Debug|x86.Build.0 = Debug|x86
		{5780FCC5-4CE5-417B-8A4C-E75FFCE4B9E4}.Release|x64.ActiveCfg = Release|x64
		{5780FCC5-4CE5-417B-8A4C-E75FFCE4B9E4}.Release|x64.Build.0 = Release|x64
		{5780FCC5-4CE5-417B-8A4C-E75FFCE4B9E4}.Release|x86.ActiveCfg = Release|x86
		{5780FCC5-4CE5-417B-8A4C-E75FFCE4B9E4}.Release|x86.Build.0 = Release|x86
		{AD23A99E-89FE-47C9-BD2C-25C416F327F3}.Debug|x64.ActiveCfg = Debug|x64
		{AD23A99E-89FE-47C9-BD2C-25C416F327F3}.Debug|x64.Build.0 = Debug|x64
		{AD23A99E-89FE-47C9-BD2C-25C416F327F3}.Debug|x86.ActiveCfg = Debug|x86
		{AD23A99E-89FE-47C9-BD2C-25C416F327F3}.Debug|x86.Build.0 = Debug|x86
		{AD23A99E-89FE-47C9-BD2C-25C416F327F3}.Release|x64.ActiveCfg = Release|x64
		{AD23A99E-89FE-47C9-BD2C-25C416F327F3}.Release|x64.Build.0 = Release|x64
		{AD23A99E-89FE-47C9-BD2C-25C416F327F3}.Release|x86.ActiveCfg = Release|x86
		{AD23A99E-89FE-47C9-BD2C-25C416F327F3}.Release|x86.Build.0 = Release|x86
		{BB87C009-1337-43FF-ADF6-6E7861AA9343}.Debug|x64.ActiveCfg = Debug|x64
		{BB87C009-1337-43FF-ADF6-6E7861AA9343}.Debug|x64.Build.0 = Debug|x64
		{BB87C009-1337-43FF-ADF6-6E7861AA9343}.Debug|x86.ActiveCfg = Debug|x86
		{BB87C009-1337-43FF-ADF6-6E7861AA9343}.Debug|x86.Build.0 = Debug|x86
		{BB87C009-1337-43FF-ADF6-6E7861AA9343}.Release|x64.ActiveCfg = Release|x64
		{BB87C009-1337-43FF-ADF6-6E7861AA9343}.Release|x64.Build.0 = Release|x64
		{BB87C009-1337-43FF-ADF6-6E7861AA9343}.Release|x86.ActiveCfg = Release|x86
		{BB87C009-1337-43FF-ADF6-6E7861AA9343}.Release|x86.Build.0 = Release|x86
		{97C916FF-6271-44F8-9A20-6E0A0389524B}.Debug|x64.ActiveCfg = Debug|x64
		{97C916FF-6271-44F8-9A20-6E0A0389524B}.Debug|x64.Build.0 = Debug|x64
		{97C916FF-6271-44F8-9A20-6E0A0389524B}.Debug|x86.ActiveCfg = Debug|x86
		{97C916FF-6271-44F8-9A20-6E0A0389524B}.Debug|x86.Build.0 = Debug|x86
		{97C916FF-6271-44F8-9A20-6E0A0389524B}.Release|x64.ActiveCfg = Release|x64
		{97C916FF-6271-44F8-9A20-6E0A0389524B}.Release|x64.Build.0 = Release|x64
		{97C916FF-6271-44F8-9A20-6E0A0389524B}.Release|x86.ActiveCfg = Release|x86
		{97C916FF-6271-44F8-9A20-6E0A0389524B}.Release|x86.Build.0 = Release|x86
		{2868CFB2-562D-4C26-9471-F78F1D94CE0D}.Debug|x64.ActiveCfg = Debug|x64
		{2868CFB2-562D-4C26-9471-F78F1D94CE0D}.Debug|x64.Build.0 = Debug|x64
		{2868CFB2-562D-4C26-9471-F78F1D94CE0D}.Debug|x86.ActiveCfg = Debug|x86
		{2868CFB2-562D-4C26-9471-F78F1D94CE0D}.Debug|x86.Build.0 = Debug|x86
		{2868CFB2-562D-4C26-9471-F78F1D94CE0D}.Release|x64.ActiveCfg = Release|x64
		{2868CFB2-562D-4C26-9471-F78F1D94CE0D}.Release|x64.Build.0 = Release|x64
		{2868CFB2-562D-4C26-9471-F78F1D94CE0D}.Release|x86.ActiveCfg = Release|x86
		{2868CFB2-562D-4C26-9471-F78F1D94CE0D}.Release|x86.Build.0 = Release|x86
		{3E201D89-9F10-4CE0-B5A2-372B4ACFDAA2}.Debug|x64.ActiveCfg = Debug|x64
		{3E201D89-9F10-4CE0-B5A2-372B4ACFDAA2}.Debug|x64.Build.0 = Debug|x64
		{3E201D89-9F10-4CE0-B5A2-372B4ACFDAA2}.Debug|x86.ActiveCfg = Debug|x86
		{3E201D89-9F10-4CE0-B5A2-372B4ACFDAA2}.Debug|x86.Build.0 = Debug|x86
		{3E201D89-9F10-4CE0-B5A2-372B4ACFDAA2}.Release|x64.ActiveCfg = Release|x64
		{3E201D89-9F10-4CE0-B5A2-372B4ACFDAA2}.Release|x64.Build.0 = Release|x64
		{3E201D89-9F10-4CE0-B5A2-372B4ACFDAA2}.Release|x86.ActiveCfg = Release|x86
		{3E201D89-9F10-4CE0-B5A2-372B4ACFDAA2}.Release|x86.Build.0 = Release|x86
		{FFCCD288-4F11-44A5-AB04-3CACF840935C}.Debug|x64.ActiveCfg = Debug|x64
		{FFCCD288-4F11-44A5-AB04-3CACF840935C}.Debug|x64.Build.0 = Debug|x64
		{FFCCD288-4F11-44A5-AB04-3CACF840935C}.Debug|x86.ActiveCfg = Debug|x86
		{FFCCD288-4F11-44A5-AB04-3CACF840935C}.Debug|x86.Build.0 = Debug|x86
		{FFCCD288-4F11-44A5-AB04-3CACF840935C}.Release|x64.ActiveCfg = Release|x64
		{FFCCD288-4F11-44A5-AB04-3CACF840935C}.Release|x64.Build.0 = Release|x64
		{FFCCD288-4F11-44A5-AB04-3CACF840935C}.Release|x86.ActiveCfg = Release|x86
		{FFCCD288-4F11-44A5-AB04-3CACF840935C}.Release|x86.Build.0 = Release|x86
		{4DEC5888-E71A-4D00-93B7-7F11C92D0A3F}.Debug|x64.ActiveCfg = Debug|x64
		{4DEC5888-E71A-4D00-93B7-7F11C92D0A3F}.Debug|x64.Build.0 = Debug|x64
		{4DEC5888-E71A-4D00-93B7-7F11C92D0A3F}.Debug|x86.ActiveCfg = Debug|x86
		{4DEC5888-E71A-4D00-93B7-7F11C92D0A3F}.Debug|x86.Build.0 = Debug|x86
		{4DEC5888-E71A-4D00-93B7-7F11C92D0A3F}.Release|x64.ActiveCfg = Release|x64
		{4DEC5888-E71A-4D00-93B7-7F11C92D0A3F}.Release|x64.Build.0 = Release|x64
		{4DEC5888-E71A-4D00-93B7-7F11C92D0A3F}.Release|x86.ActiveCfg = Release|x86
		{4DEC5888-E71A-4D00-93B7-7F11C92D0A3F}.Release|x86.Build.0 = Release|x86
		{CDFF6D0A-EB28-4817-8635-D6B0A9FDE833}.Debug|x64.ActiveCfg = Debug|x64
		{CDFF6D0A-EB28-4817-8635-D6B0A9FDE833}.Debug|x64.Build.0 = Debug|x64
		{CDFF6D0A-EB28-4817-8635-D6B0A9FDE833}.Debug|x86.ActiveCfg = Debug|x86
		{CDFF6D0A-EB28-4817-8635-D6B0A9FDE833}.Debug|x86.Build.0 = Debug|x86
		{CDFF6D0A-EB28-4817-8635-D6B0A9FDE833}.Release|x64.ActiveCfg = Release|x64
		{CDFF6D0A-EB28-4817-8635-D6B0A9FDE833}.Release|x64.Build.0 = Release|x64
		{CDFF6D0A-EB28-4817-8635-D6B0A9FDE833}.Release|x86.ActiveCfg = Release|x86
		{CDFF6D0A-EB28-4817-8635-D6B0A9FDE833}.Release|x86.Build.0 = Release|x86
		{58E261A5-B2EA-43F3-820D-902B5C061321}.Debug|x64.ActiveCfg = Debug|x64
		{58E261A5-B2EA-43F3-820D-902B5C061321}.Debug|x64.Build.0 = Debug|x64
		{58E261A5-B2EA-43F3-820D-902B5C061321}.Debug|x86.ActiveCfg = Debug|x86
		{58E261A5-B2EA-43F3-820D-902B5C061321}.Debug|x86.Build.0 = Debug|x86
		{58E261A5-B2EA-43F3-820D-902B5C061321}.Release|x64.ActiveCfg = Release|x64
		{58E261A5-B2EA-43F3-820D-902B5C061321}.Release|x64.Build.0 = Release|x64
		{58E261A5-B2EA-43F3-820D-902B5C061321}.Release|x86.ActiveCfg = Release|x86
		{58E261A5-B2EA-43F3-820D-902B5C061321}.Release|x86.Build.0 = Release|x86
		{4A9C9165-F68E-4BEE-BFB0-757568EB769D}.Debug|x64.ActiveCfg = Debug|x64
		{4A9C9165-F68E-4BEE-BFB0-757568EB769D}.Debug|x86.ActiveCfg = Debug|x86
		{4A9C9165-F68E-4BEE-BFB0-757568EB769D}.Release|x64.ActiveCfg = Release|x64
		{4A9C9165-F68E-4BEE-BFB0-757568EB769D}.Release|x86.ActiveCfg = Release|x86
		{4A9C9165-F68E-4BEE-BFB0-757568EB769D}.Release|x86.Build.0 = Release|x86
		{747EB3E8-4318-4A6F-BDB9-90F7DB4122D3}.Debug|x64.ActiveCfg = Debug|x64
		{747EB3E8-4318-4A6F-BDB9-90F7DB4122D3}.Debug|x64.Build.0 = Debug|x64
		{747EB3E8-4318-4A6F-BDB9-90F7DB4122D3}.Debug|x86.ActiveCfg = Debug|Win32
		{747EB3E8-4318-4A6F-BDB9-90F7DB4122D3}.Debug|x86.Build.0 = Debug|Win32
		{747EB3E8-4318-4A6F-BDB9-90F7DB4122D3}.Release|x64.ActiveCfg = Release|x64
		{747EB3E8-4318-4A6F-BDB9-90F7DB4122D3}.Release|x64.Build.0 = Release|x64
		{747EB3E8-4318-4A6F-BDB9-90F7DB4122D3}.Release|x86.ActiveCfg = Release|Win32
		{747EB3E8-4318-4A6F-BDB9-90F7DB4122D3}.Release|x86.Build.0 = Release|Win32
	EndGlobalSection
	GlobalSection(SolutionProperties) = preSolution
		HideSolutionNode = FALSE
	EndGlobalSection
EndGlobal
