
Microsoft Visual Studio Solution File, Format Version 12.00
# Visual Studio 2010
Project("{8BC9CEB8-8B4A-11D0-8D11-00A0C91BC942}") = "fb2epub-xpcom", "fb2epub-xpcom\fb2epub-xpcom.vcxproj", "{92B3BEF2-3BEE-4B1B-9CF4-327497ED73DF}"
EndProject
Project("{8BC9CEB8-8B4A-11D0-8D11-00A0C91BC942}") = "fb2epub_paths", "fb2epub-paths\fb2epub_paths.vcxproj", "{6050BE1E-5724-41EC-8262-C08E4ECDB0D8}"
EndProject
Global
	GlobalSection(SolutionConfigurationPlatforms) = preSolution
		Debug|Win32 = Debug|Win32
		Release|Win32 = Release|Win32
	EndGlobalSection
	GlobalSection(ProjectConfigurationPlatforms) = postSolution
		{92B3BEF2-3BEE-4B1B-9CF4-327497ED73DF}.Debug|Win32.ActiveCfg = Debug|Win32
		{92B3BEF2-3BEE-4B1B-9CF4-327497ED73DF}.Debug|Win32.Build.0 = Debug|Win32
		{92B3BEF2-3BEE-4B1B-9CF4-327497ED73DF}.Release|Win32.ActiveCfg = Release|Win32
		{92B3BEF2-3BEE-4B1B-9CF4-327497ED73DF}.Release|Win32.Build.0 = Release|Win32
		{6050BE1E-5724-41EC-8262-C08E4ECDB0D8}.Debug|Win32.ActiveCfg = Debug|Win32
		{6050BE1E-5724-41EC-8262-C08E4ECDB0D8}.Debug|Win32.Build.0 = Debug|Win32
		{6050BE1E-5724-41EC-8262-C08E4ECDB0D8}.Release|Win32.ActiveCfg = Release|Win32
		{6050BE1E-5724-41EC-8262-C08E4ECDB0D8}.Release|Win32.Build.0 = Release|Win32
	EndGlobalSection
	GlobalSection(SolutionProperties) = preSolution
		HideSolutionNode = FALSE
	EndGlobalSection
EndGlobal
